
Microsoft Visual Studio Solution File, Format Version 12.00
# Visual Studio Version 17
VisualStudioVersion = 17.9.34728.123
MinimumVisualStudioVersion = 10.0.40219.1
Project("{2150E333-8FDC-42A3-9474-1A3956D46DE8}") = "src", "src", "{64D88A9B-977F-4589-9689-AB2EAC3841D8}"
EndProject
Project("{9A19103F-16F7-4668-BE54-9A1E7A4F7556}") = "Domain", "Domain\Domain.csproj", "{4EC5422D-6C1C-4D0A-95AE-30A5053E72FF}"
EndProject
Project("{9A19103F-16F7-4668-BE54-9A1E7A4F7556}") = "Application", "Application\Application.csproj", "{BD9106BA-E4F8-4111-AF82-67DEC96FB256}"
EndProject
Project("{9A19103F-16F7-4668-BE54-9A1E7A4F7556}") = "Infrastructure", "Infrastructure\Infrastructure.csproj", "{9F059CDD-6032-4013-B6C4-B5FB5A618CA1}"
EndProject
Project("{9A19103F-16F7-4668-BE54-9A1E7A4F7556}") = "WebAPI", "WebAPI\WebAPI.csproj", "{1C4B0A88-870E-4EB7-8AA3-782CAD56A04B}"
EndProject
Project("{2150E333-8FDC-42A3-9474-1A3956D46DE8}") = "sdk", "sdk", "{654E2653-E020-4E5F-8E61-142D575D993F}"
EndProject
Project("{FAE04EC0-301F-11D3-BF4B-00C04F79EFBC}") = "BoxWarehouse.Sdk", "BoxWarehouse.Sdk\BoxWarehouse.Sdk.csproj", "{F8CAA9BE-AC3F-4E9F-B747-A2CF926F8137}"
EndProject
Project("{FAE04EC0-301F-11D3-BF4B-00C04F79EFBC}") = "BoxWarehouse.Sdk.Sample", "BoxWarehouse.Sdk.Sample\BoxWarehouse.Sdk.Sample.csproj", "{E2F39E30-F033-40C5-B3CC-419A8C88645F}"
EndProject
Project("{FAE04EC0-301F-11D3-BF4B-00C04F79EFBC}") = "BoxWarehouse.Contracts", "BoxWarehouse.Contracts\BoxWarehouse.Contracts.csproj", "{29A618AC-98D2-4099-86FC-FCBCA546C63A}"
EndProject
Global
	GlobalSection(SolutionConfigurationPlatforms) = preSolution
		Debug|Any CPU = Debug|Any CPU
		Release|Any CPU = Release|Any CPU
	EndGlobalSection
	GlobalSection(ProjectConfigurationPlatforms) = postSolution
		{4EC5422D-6C1C-4D0A-95AE-30A5053E72FF}.Debug|Any CPU.ActiveCfg = Debug|Any CPU
		{4EC5422D-6C1C-4D0A-95AE-30A5053E72FF}.Debug|Any CPU.Build.0 = Debug|Any CPU
		{4EC5422D-6C1C-4D0A-95AE-30A5053E72FF}.Release|Any CPU.ActiveCfg = Release|Any CPU
		{4EC5422D-6C1C-4D0A-95AE-30A5053E72FF}.Release|Any CPU.Build.0 = Release|Any CPU
		{BD9106BA-E4F8-4111-AF82-67DEC96FB256}.Debug|Any CPU.ActiveCfg = Debug|Any CPU
		{BD9106BA-E4F8-4111-AF82-67DEC96FB256}.Debug|Any CPU.Build.0 = Debug|Any CPU
		{BD9106BA-E4F8-4111-AF82-67DEC96FB256}.Release|Any CPU.ActiveCfg = Release|Any CPU
		{BD9106BA-E4F8-4111-AF82-67DEC96FB256}.Release|Any CPU.Build.0 = Release|Any CPU
		{9F059CDD-6032-4013-B6C4-B5FB5A618CA1}.Debug|Any CPU.ActiveCfg = Debug|Any CPU
		{9F059CDD-6032-4013-B6C4-B5FB5A618CA1}.Debug|Any CPU.Build.0 = Debug|Any CPU
		{9F059CDD-6032-4013-B6C4-B5FB5A618CA1}.Release|Any CPU.ActiveCfg = Release|Any CPU
		{9F059CDD-6032-4013-B6C4-B5FB5A618CA1}.Release|Any CPU.Build.0 = Release|Any CPU
		{1C4B0A88-870E-4EB7-8AA3-782CAD56A04B}.Debug|Any CPU.ActiveCfg = Debug|Any CPU
		{1C4B0A88-870E-4EB7-8AA3-782CAD56A04B}.Debug|Any CPU.Build.0 = Debug|Any CPU
		{1C4B0A88-870E-4EB7-8AA3-782CAD56A04B}.Release|Any CPU.ActiveCfg = Release|Any CPU
		{1C4B0A88-870E-4EB7-8AA3-782CAD56A04B}.Release|Any CPU.Build.0 = Release|Any CPU
		{F8CAA9BE-AC3F-4E9F-B747-A2CF926F8137}.Debug|Any CPU.ActiveCfg = Debug|Any CPU
		{F8CAA9BE-AC3F-4E9F-B747-A2CF926F8137}.Debug|Any CPU.Build.0 = Debug|Any CPU
		{F8CAA9BE-AC3F-4E9F-B747-A2CF926F8137}.Release|Any CPU.ActiveCfg = Release|Any CPU
		{F8CAA9BE-AC3F-4E9F-B747-A2CF926F8137}.Release|Any CPU.Build.0 = Release|Any CPU
		{E2F39E30-F033-40C5-B3CC-419A8C88645F}.Debug|Any CPU.ActiveCfg = Debug|Any CPU
		{E2F39E30-F033-40C5-B3CC-419A8C88645F}.Debug|Any CPU.Build.0 = Debug|Any CPU
		{E2F39E30-F033-40C5-B3CC-419A8C88645F}.Release|Any CPU.ActiveCfg = Release|Any CPU
		{E2F39E30-F033-40C5-B3CC-419A8C88645F}.Release|Any CPU.Build.0 = Release|Any CPU
		{29A618AC-98D2-4099-86FC-FCBCA546C63A}.Debug|Any CPU.ActiveCfg = Debug|Any CPU
		{29A618AC-98D2-4099-86FC-FCBCA546C63A}.Debug|Any CPU.Build.0 = Debug|Any CPU
		{29A618AC-98D2-4099-86FC-FCBCA546C63A}.Release|Any CPU.ActiveCfg = Release|Any CPU
		{29A618AC-98D2-4099-86FC-FCBCA546C63A}.Release|Any CPU.Build.0 = Release|Any CPU
	EndGlobalSection
	GlobalSection(SolutionProperties) = preSolution
		HideSolutionNode = FALSE
	EndGlobalSection
	GlobalSection(NestedProjects) = preSolution
		{4EC5422D-6C1C-4D0A-95AE-30A5053E72FF} = {64D88A9B-977F-4589-9689-AB2EAC3841D8}
		{BD9106BA-E4F8-4111-AF82-67DEC96FB256} = {64D88A9B-977F-4589-9689-AB2EAC3841D8}
		{9F059CDD-6032-4013-B6C4-B5FB5A618CA1} = {64D88A9B-977F-4589-9689-AB2EAC3841D8}
		{1C4B0A88-870E-4EB7-8AA3-782CAD56A04B} = {64D88A9B-977F-4589-9689-AB2EAC3841D8}
		{654E2653-E020-4E5F-8E61-142D575D993F} = {64D88A9B-977F-4589-9689-AB2EAC3841D8}
		{F8CAA9BE-AC3F-4E9F-B747-A2CF926F8137} = {654E2653-E020-4E5F-8E61-142D575D993F}
		{E2F39E30-F033-40C5-B3CC-419A8C88645F} = {654E2653-E020-4E5F-8E61-142D575D993F}
		{29A618AC-98D2-4099-86FC-FCBCA546C63A} = {654E2653-E020-4E5F-8E61-142D575D993F}
	EndGlobalSection
	GlobalSection(ExtensibilityGlobals) = postSolution
		SolutionGuid = {C9FB729A-C1B7-4F88-B805-F03EB80A9453}
	EndGlobalSection
EndGlobal
